
Microsoft Visual Studio Solution File, Format Version 12.00
# Visual Studio Version 16
VisualStudioVersion = 16.0.31321.278
MinimumVisualStudioVersion = 10.0.40219.1
Project("{FAE04EC0-301F-11D3-BF4B-00C04F79EFBC}") = "Serial_Port", "Serial_Port\Serial_Port.csproj", "{91218B81-609C-453C-8F06-0D8008DFAF6B}"
EndProject
Global
	GlobalSection(SolutionConfigurationPlatforms) = preSolution
		Debug|Any CPU = Debug|Any CPU
		Release|Any CPU = Release|Any CPU
	EndGlobalSection
	GlobalSection(ProjectConfigurationPlatforms) = postSolution
		{91218B81-609C-453C-8F06-0D8008DFAF6B}.Debug|Any CPU.ActiveCfg = Debug|Any CPU
		{91218B81-609C-453C-8F06-0D8008DFAF6B}.Debug|Any CPU.Build.0 = Debug|Any CPU
		{91218B81-609C-453C-8F06-0D8008DFAF6B}.Release|Any CPU.ActiveCfg = Release|Any CPU
		{91218B81-609C-453C-8F06-0D8008DFAF6B}.Release|Any CPU.Build.0 = Release|Any CPU
	EndGlobalSection
	GlobalSection(SolutionProperties) = preSolution
		HideSolutionNode = FALSE
	EndGlobalSection
	GlobalSection(ExtensibilityGlobals) = postSolution
		SolutionGuid = {5E2B034E-1936-42D8-B11B-C31464BCA923}
	EndGlobalSection
EndGlobal
